
Microsoft Visual Studio Solution File, Format Version 12.00
# Visual Studio Version 17
VisualStudioVersion = 17.14.36109.1
MinimumVisualStudioVersion = 10.0.40219.1
Project("{FAE04EC0-301F-11D3-BF4B-00C04F79EFBC}") = "TochkaKrasoty", "TochkaKrasoty.csproj", "{27D892AA-293F-44B0-A444-2D8C7737BB00}"
EndProject
Global
	GlobalSection(SolutionConfigurationPlatforms) = preSolution
		Debug|Any CPU = Debug|Any CPU
		Release|Any CPU = Release|Any CPU
	EndGlobalSection
	GlobalSection(ProjectConfigurationPlatforms) = postSolution
		{27D892AA-293F-44B0-A444-2D8C7737BB00}.Debug|Any CPU.ActiveCfg = Debug|Any CPU
		{27D892AA-293F-44B0-A444-2D8C7737BB00}.Debug|Any CPU.Build.0 = Debug|Any CPU
		{27D892AA-293F-44B0-A444-2D8C7737BB00}.Release|Any CPU.ActiveCfg = Release|Any CPU
		{27D892AA-293F-44B0-A444-2D8C7737BB00}.Release|Any CPU.Build.0 = Release|Any CPU
	EndGlobalSection
	GlobalSection(SolutionProperties) = preSolution
		HideSolutionNode = FALSE
	EndGlobalSection
	GlobalSection(ExtensibilityGlobals) = postSolution
		SolutionGuid = {C40A8ADF-D3B6-4841-9D91-802A88E6B01E}
	EndGlobalSection
EndGlobal
